
Microsoft Visual Studio Solution File, Format Version 12.00
# Visual Studio Version 16
VisualStudioVersion = 17.0.31611.283
MinimumVisualStudioVersion = 10.0.40219.1
Project("{9A19103F-16F7-4668-BE54-9A1E7A4F7556}") = "MeeeApp", "MeeeApp\MeeeApp.csproj", "{A730F829-6E1D-4127-9CB9-64C34D83CCCF}"
EndProject
Global
	GlobalSection(SolutionConfigurationPlatforms) = preSolution
		Debug|Any CPU = Debug|Any CPU
		Release|Any CPU = Release|Any CPU
	EndGlobalSection
	GlobalSection(ProjectConfigurationPlatforms) = postSolution
		{A730F829-6E1D-4127-9CB9-64C34D83CCCF}.Debug|Any CPU.ActiveCfg = Debug|Any CPU
		{A730F829-6E1D-4127-9CB9-64C34D83CCCF}.Debug|Any CPU.Build.0 = Debug|Any CPU
		{A730F829-6E1D-4127-9CB9-64C34D83CCCF}.Debug|Any CPU.Deploy.0 = Debug|Any CPU
		{A730F829-6E1D-4127-9CB9-64C34D83CCCF}.Release|Any CPU.ActiveCfg = Release|Any CPU
		{A730F829-6E1D-4127-9CB9-64C34D83CCCF}.Release|Any CPU.Build.0 = Release|Any CPU
		{A730F829-6E1D-4127-9CB9-64C34D83CCCF}.Release|Any CPU.Deploy.0 = Release|Any CPU
	EndGlobalSection
	GlobalSection(SolutionProperties) = preSolution
		HideSolutionNode = FALSE
	EndGlobalSection
	GlobalSection(ExtensibilityGlobals) = postSolution
		SolutionGuid = {61F7FB11-1E47-470C-91E2-47F8143E1572}
	EndGlobalSection
EndGlobal
